
Microsoft Visual Studio Solution File, Format Version 12.00
# Visual Studio Version 17
VisualStudioVersion = 17.8.34525.116
MinimumVisualStudioVersion = 10.0.40219.1
Project("{9A19103F-16F7-4668-BE54-9A1E7A4F7556}") = "AdvancedTopics", "AdvancedTopics\AdvancedTopics.csproj", "{FF90C0C5-78F4-4B6E-A1F0-9385283606E5}"
EndProject
Project("{9A19103F-16F7-4668-BE54-9A1E7A4F7556}") = "LINQ", "LINQ\LINQ.csproj", "{E5543052-74A8-417C-81F0-B65CA2CD7121}"
EndProject
Project("{9A19103F-16F7-4668-BE54-9A1E7A4F7556}") = "CsharpAfterJava", "ConsoleApp1\CsharpAfterJava.csproj", "{281237F3-C03E-4DA9-A945-CDB7255AE51C}"
EndProject
Project("{FAE04EC0-301F-11D3-BF4B-00C04F79EFBC}") = "UnitTest", "UnitTest\UnitTest.csproj", "{ECA19604-7A11-4C97-92EB-E972001D17B0}"
EndProject
Project("{FAE04EC0-301F-11D3-BF4B-00C04F79EFBC}") = "ExtentionMethods", "ExtentionMethods\ExtentionMethods.csproj", "{6C5A443B-4A29-4B4E-B913-944F61F9D2D5}"
EndProject
Project("{FAE04EC0-301F-11D3-BF4B-00C04F79EFBC}") = "Generics", "Generics\Generics.csproj", "{9B3FF49A-BB0B-4F5B-B709-D2F2F6965134}"
EndProject
Project("{D954291E-2A0B-460D-934E-DC6B0785DB48}") = "Snipits", "Snipits\Snipits.shproj", "{AAD7DA09-13D8-44B5-9A3C-2FDBB6F1CAE1}"
EndProject
Global
	GlobalSection(SolutionConfigurationPlatforms) = preSolution
		Debug|Any CPU = Debug|Any CPU
		Release|Any CPU = Release|Any CPU
	EndGlobalSection
	GlobalSection(ProjectConfigurationPlatforms) = postSolution
		{FF90C0C5-78F4-4B6E-A1F0-9385283606E5}.Debug|Any CPU.ActiveCfg = Debug|Any CPU
		{FF90C0C5-78F4-4B6E-A1F0-9385283606E5}.Debug|Any CPU.Build.0 = Debug|Any CPU
		{FF90C0C5-78F4-4B6E-A1F0-9385283606E5}.Release|Any CPU.ActiveCfg = Release|Any CPU
		{FF90C0C5-78F4-4B6E-A1F0-9385283606E5}.Release|Any CPU.Build.0 = Release|Any CPU
		{E5543052-74A8-417C-81F0-B65CA2CD7121}.Debug|Any CPU.ActiveCfg = Debug|Any CPU
		{E5543052-74A8-417C-81F0-B65CA2CD7121}.Debug|Any CPU.Build.0 = Debug|Any CPU
		{E5543052-74A8-417C-81F0-B65CA2CD7121}.Release|Any CPU.ActiveCfg = Release|Any CPU
		{E5543052-74A8-417C-81F0-B65CA2CD7121}.Release|Any CPU.Build.0 = Release|Any CPU
		{281237F3-C03E-4DA9-A945-CDB7255AE51C}.Debug|Any CPU.ActiveCfg = Debug|Any CPU
		{281237F3-C03E-4DA9-A945-CDB7255AE51C}.Debug|Any CPU.Build.0 = Debug|Any CPU
		{281237F3-C03E-4DA9-A945-CDB7255AE51C}.Release|Any CPU.ActiveCfg = Release|Any CPU
		{281237F3-C03E-4DA9-A945-CDB7255AE51C}.Release|Any CPU.Build.0 = Release|Any CPU
		{ECA19604-7A11-4C97-92EB-E972001D17B0}.Debug|Any CPU.ActiveCfg = Debug|Any CPU
		{ECA19604-7A11-4C97-92EB-E972001D17B0}.Debug|Any CPU.Build.0 = Debug|Any CPU
		{ECA19604-7A11-4C97-92EB-E972001D17B0}.Release|Any CPU.ActiveCfg = Release|Any CPU
		{ECA19604-7A11-4C97-92EB-E972001D17B0}.Release|Any CPU.Build.0 = Release|Any CPU
		{6C5A443B-4A29-4B4E-B913-944F61F9D2D5}.Debug|Any CPU.ActiveCfg = Debug|Any CPU
		{6C5A443B-4A29-4B4E-B913-944F61F9D2D5}.Debug|Any CPU.Build.0 = Debug|Any CPU
		{6C5A443B-4A29-4B4E-B913-944F61F9D2D5}.Release|Any CPU.ActiveCfg = Release|Any CPU
		{6C5A443B-4A29-4B4E-B913-944F61F9D2D5}.Release|Any CPU.Build.0 = Release|Any CPU
		{9B3FF49A-BB0B-4F5B-B709-D2F2F6965134}.Debug|Any CPU.ActiveCfg = Debug|Any CPU
		{9B3FF49A-BB0B-4F5B-B709-D2F2F6965134}.Debug|Any CPU.Build.0 = Debug|Any CPU
		{9B3FF49A-BB0B-4F5B-B709-D2F2F6965134}.Release|Any CPU.ActiveCfg = Release|Any CPU
		{9B3FF49A-BB0B-4F5B-B709-D2F2F6965134}.Release|Any CPU.Build.0 = Release|Any CPU
	EndGlobalSection
	GlobalSection(SolutionProperties) = preSolution
		HideSolutionNode = FALSE
	EndGlobalSection
	GlobalSection(ExtensibilityGlobals) = postSolution
		SolutionGuid = {C0266D55-C1EF-47BB-917E-E6633BA94282}
	EndGlobalSection
	GlobalSection(SharedMSBuildProjectFiles) = preSolution
		Snipits\Snipits.projitems*{aad7da09-13d8-44b5-9a3c-2fdbb6f1cae1}*SharedItemsImports = 13
	EndGlobalSection
EndGlobal
