
Microsoft Visual Studio Solution File, Format Version 12.00
# Visual Studio Version 17
VisualStudioVersion = 17.8.34525.116
MinimumVisualStudioVersion = 10.0.40219.1
Project("{FAE04EC0-301F-11D3-BF4B-00C04F79EFBC}") = "AdvancedTopics", "AdvancedTopics\AdvancedTopics.csproj", "{FF90C0C5-78F4-4B6E-A1F0-9385283606E5}"
EndProject
Project("{9A19103F-16F7-4668-BE54-9A1E7A4F7556}") = "LINQ", "LINQ\LINQ.csproj", "{E5543052-74A8-417C-81F0-B65CA2CD7121}"
EndProject
Project("{9A19103F-16F7-4668-BE54-9A1E7A4F7556}") = "CsharpAfterJava", "ConsoleApp1\CsharpAfterJava.csproj", "{281237F3-C03E-4DA9-A945-CDB7255AE51C}"
EndProject
Global
	GlobalSection(SolutionConfigurationPlatforms) = preSolution
		Debug|Any CPU = Debug|Any CPU
		Release|Any CPU = Release|Any CPU
	EndGlobalSection
	GlobalSection(ProjectConfigurationPlatforms) = postSolution
		{FF90C0C5-78F4-4B6E-A1F0-9385283606E5}.Debug|Any CPU.ActiveCfg = Debug|Any CPU
		{FF90C0C5-78F4-4B6E-A1F0-9385283606E5}.Debug|Any CPU.Build.0 = Debug|Any CPU
		{FF90C0C5-78F4-4B6E-A1F0-9385283606E5}.Release|Any CPU.ActiveCfg = Release|Any CPU
		{FF90C0C5-78F4-4B6E-A1F0-9385283606E5}.Release|Any CPU.Build.0 = Release|Any CPU
		{E5543052-74A8-417C-81F0-B65CA2CD7121}.Debug|Any CPU.ActiveCfg = Debug|Any CPU
		{E5543052-74A8-417C-81F0-B65CA2CD7121}.Debug|Any CPU.Build.0 = Debug|Any CPU
		{E5543052-74A8-417C-81F0-B65CA2CD7121}.Release|Any CPU.ActiveCfg = Release|Any CPU
		{E5543052-74A8-417C-81F0-B65CA2CD7121}.Release|Any CPU.Build.0 = Release|Any CPU
		{281237F3-C03E-4DA9-A945-CDB7255AE51C}.Debug|Any CPU.ActiveCfg = Debug|Any CPU
		{281237F3-C03E-4DA9-A945-CDB7255AE51C}.Debug|Any CPU.Build.0 = Debug|Any CPU
		{281237F3-C03E-4DA9-A945-CDB7255AE51C}.Release|Any CPU.ActiveCfg = Release|Any CPU
		{281237F3-C03E-4DA9-A945-CDB7255AE51C}.Release|Any CPU.Build.0 = Release|Any CPU
	EndGlobalSection
	GlobalSection(SolutionProperties) = preSolution
		HideSolutionNode = FALSE
	EndGlobalSection
	GlobalSection(ExtensibilityGlobals) = postSolution
		SolutionGuid = {C0266D55-C1EF-47BB-917E-E6633BA94282}
	EndGlobalSection
EndGlobal
