
Microsoft Visual Studio Solution File, Format Version 12.00
# Visual Studio Version 17
VisualStudioVersion = 17.8.34525.116
MinimumVisualStudioVersion = 10.0.40219.1
Project("{9A19103F-16F7-4668-BE54-9A1E7A4F7556}") = "AdvancedTopics", "AdvancedTopics\AdvancedTopics.csproj", "{FF90C0C5-78F4-4B6E-A1F0-9385283606E5}"
EndProject
Project("{9A19103F-16F7-4668-BE54-9A1E7A4F7556}") = "LINQ", "LINQ\LINQ.csproj", "{E5543052-74A8-417C-81F0-B65CA2CD7121}"
EndProject
Project("{9A19103F-16F7-4668-BE54-9A1E7A4F7556}") = "CsharpAfterJava", "ConsoleApp1\CsharpAfterJava.csproj", "{281237F3-C03E-4DA9-A945-CDB7255AE51C}"
EndProject
Project("{9A19103F-16F7-4668-BE54-9A1E7A4F7556}") = "UnitTest", "UnitTest\UnitTest.csproj", "{ECA19604-7A11-4C97-92EB-E972001D17B0}"
EndProject
Project("{9A19103F-16F7-4668-BE54-9A1E7A4F7556}") = "ExtentionMethods", "ExtentionMethods\ExtentionMethods.csproj", "{6C5A443B-4A29-4B4E-B913-944F61F9D2D5}"
EndProject
Project("{9A19103F-16F7-4668-BE54-9A1E7A4F7556}") = "Generics", "Generics\Generics.csproj", "{9B3FF49A-BB0B-4F5B-B709-D2F2F6965134}"
EndProject
Project("{D954291E-2A0B-460D-934E-DC6B0785DB48}") = "Snipits", "Snipits\Snipits.shproj", "{AAD7DA09-13D8-44B5-9A3C-2FDBB6F1CAE1}"
EndProject
Project("{FAE04EC0-301F-11D3-BF4B-00C04F79EFBC}") = "Records", "Demo\Records.csproj", "{F0349B59-60A0-4587-A406-3B0241DD2605}"
EndProject
Project("{FAE04EC0-301F-11D3-BF4B-00C04F79EFBC}") = "Delegate", "Delegate\Delegate.csproj", "{E3736A40-D49F-43EF-8C3B-159C2B9F2FD0}"
EndProject
Project("{FAE04EC0-301F-11D3-BF4B-00C04F79EFBC}") = "Landa", "Landa\Landa.csproj", "{138C26C6-6737-4D4D-99BC-4AA198CA5D6C}"
EndProject
Project("{FAE04EC0-301F-11D3-BF4B-00C04F79EFBC}") = "ClassLib", "classlib\ClassLib.csproj", "{2E6511E5-C426-4531-9A6F-4D80CAA86663}"
EndProject
Project("{2150E333-8FDC-42A3-9474-1A3956D46DE8}") = "ClassExercises", "ClassExercises", "{D10AB90C-516A-4B50-BCF1-1DDC1D930FCA}"
EndProject
Project("{2150E333-8FDC-42A3-9474-1A3956D46DE8}") = "HomeExercises", "HomeExercises", "{74C17647-CF35-41AA-8292-173D0B6F1F0B}"
EndProject
Project("{2150E333-8FDC-42A3-9474-1A3956D46DE8}") = "API", "API", "{CEE12FFD-9D06-49C8-8867-073ED6513432}"
EndProject
Project("{FAE04EC0-301F-11D3-BF4B-00C04F79EFBC}") = "MinimalAPI", "MinimalAPI\MinimalAPI\MinimalAPI.csproj", "{44CE02F3-B341-4ADB-8237-00E5C8D079E3}"
EndProject
Project("{D954291E-2A0B-460D-934E-DC6B0785DB48}") = "Shaired", "Shaired\Shaired.shproj", "{34B8441B-8195-485B-88C4-FBB55A8CEF95}"
EndProject
Project("{FAE04EC0-301F-11D3-BF4B-00C04F79EFBC}") = "Shaired2", "Shaired2\Shaired2.csproj", "{490BAE6B-44B1-4814-9AC4-6A41ADE6A0A8}"
EndProject
Project("{FAE04EC0-301F-11D3-BF4B-00C04F79EFBC}") = "webApi", "webApi\webApi.csproj", "{E522E50A-CB81-47EA-ABE0-DD63DCC203AD}"
EndProject
Global
	GlobalSection(SolutionConfigurationPlatforms) = preSolution
		Debug|Any CPU = Debug|Any CPU
		Release|Any CPU = Release|Any CPU
	EndGlobalSection
	GlobalSection(ProjectConfigurationPlatforms) = postSolution
		{FF90C0C5-78F4-4B6E-A1F0-9385283606E5}.Debug|Any CPU.ActiveCfg = Debug|Any CPU
		{FF90C0C5-78F4-4B6E-A1F0-9385283606E5}.Debug|Any CPU.Build.0 = Debug|Any CPU
		{FF90C0C5-78F4-4B6E-A1F0-9385283606E5}.Release|Any CPU.ActiveCfg = Release|Any CPU
		{FF90C0C5-78F4-4B6E-A1F0-9385283606E5}.Release|Any CPU.Build.0 = Release|Any CPU
		{E5543052-74A8-417C-81F0-B65CA2CD7121}.Debug|Any CPU.ActiveCfg = Debug|Any CPU
		{E5543052-74A8-417C-81F0-B65CA2CD7121}.Debug|Any CPU.Build.0 = Debug|Any CPU
		{E5543052-74A8-417C-81F0-B65CA2CD7121}.Release|Any CPU.ActiveCfg = Release|Any CPU
		{E5543052-74A8-417C-81F0-B65CA2CD7121}.Release|Any CPU.Build.0 = Release|Any CPU
		{281237F3-C03E-4DA9-A945-CDB7255AE51C}.Debug|Any CPU.ActiveCfg = Debug|Any CPU
		{281237F3-C03E-4DA9-A945-CDB7255AE51C}.Debug|Any CPU.Build.0 = Debug|Any CPU
		{281237F3-C03E-4DA9-A945-CDB7255AE51C}.Release|Any CPU.ActiveCfg = Release|Any CPU
		{281237F3-C03E-4DA9-A945-CDB7255AE51C}.Release|Any CPU.Build.0 = Release|Any CPU
		{ECA19604-7A11-4C97-92EB-E972001D17B0}.Debug|Any CPU.ActiveCfg = Debug|Any CPU
		{ECA19604-7A11-4C97-92EB-E972001D17B0}.Debug|Any CPU.Build.0 = Debug|Any CPU
		{ECA19604-7A11-4C97-92EB-E972001D17B0}.Release|Any CPU.ActiveCfg = Release|Any CPU
		{ECA19604-7A11-4C97-92EB-E972001D17B0}.Release|Any CPU.Build.0 = Release|Any CPU
		{6C5A443B-4A29-4B4E-B913-944F61F9D2D5}.Debug|Any CPU.ActiveCfg = Debug|Any CPU
		{6C5A443B-4A29-4B4E-B913-944F61F9D2D5}.Debug|Any CPU.Build.0 = Debug|Any CPU
		{6C5A443B-4A29-4B4E-B913-944F61F9D2D5}.Release|Any CPU.ActiveCfg = Release|Any CPU
		{6C5A443B-4A29-4B4E-B913-944F61F9D2D5}.Release|Any CPU.Build.0 = Release|Any CPU
		{9B3FF49A-BB0B-4F5B-B709-D2F2F6965134}.Debug|Any CPU.ActiveCfg = Debug|Any CPU
		{9B3FF49A-BB0B-4F5B-B709-D2F2F6965134}.Debug|Any CPU.Build.0 = Debug|Any CPU
		{9B3FF49A-BB0B-4F5B-B709-D2F2F6965134}.Release|Any CPU.ActiveCfg = Release|Any CPU
		{9B3FF49A-BB0B-4F5B-B709-D2F2F6965134}.Release|Any CPU.Build.0 = Release|Any CPU
		{F0349B59-60A0-4587-A406-3B0241DD2605}.Debug|Any CPU.ActiveCfg = Debug|Any CPU
		{F0349B59-60A0-4587-A406-3B0241DD2605}.Debug|Any CPU.Build.0 = Debug|Any CPU
		{F0349B59-60A0-4587-A406-3B0241DD2605}.Release|Any CPU.ActiveCfg = Release|Any CPU
		{F0349B59-60A0-4587-A406-3B0241DD2605}.Release|Any CPU.Build.0 = Release|Any CPU
		{E3736A40-D49F-43EF-8C3B-159C2B9F2FD0}.Debug|Any CPU.ActiveCfg = Debug|Any CPU
		{E3736A40-D49F-43EF-8C3B-159C2B9F2FD0}.Debug|Any CPU.Build.0 = Debug|Any CPU
		{E3736A40-D49F-43EF-8C3B-159C2B9F2FD0}.Release|Any CPU.ActiveCfg = Release|Any CPU
		{E3736A40-D49F-43EF-8C3B-159C2B9F2FD0}.Release|Any CPU.Build.0 = Release|Any CPU
		{138C26C6-6737-4D4D-99BC-4AA198CA5D6C}.Debug|Any CPU.ActiveCfg = Debug|Any CPU
		{138C26C6-6737-4D4D-99BC-4AA198CA5D6C}.Debug|Any CPU.Build.0 = Debug|Any CPU
		{138C26C6-6737-4D4D-99BC-4AA198CA5D6C}.Release|Any CPU.ActiveCfg = Release|Any CPU
		{138C26C6-6737-4D4D-99BC-4AA198CA5D6C}.Release|Any CPU.Build.0 = Release|Any CPU
		{2E6511E5-C426-4531-9A6F-4D80CAA86663}.Debug|Any CPU.ActiveCfg = Debug|Any CPU
		{2E6511E5-C426-4531-9A6F-4D80CAA86663}.Debug|Any CPU.Build.0 = Debug|Any CPU
		{2E6511E5-C426-4531-9A6F-4D80CAA86663}.Release|Any CPU.ActiveCfg = Release|Any CPU
		{2E6511E5-C426-4531-9A6F-4D80CAA86663}.Release|Any CPU.Build.0 = Release|Any CPU
		{44CE02F3-B341-4ADB-8237-00E5C8D079E3}.Debug|Any CPU.ActiveCfg = Debug|Any CPU
		{44CE02F3-B341-4ADB-8237-00E5C8D079E3}.Debug|Any CPU.Build.0 = Debug|Any CPU
		{44CE02F3-B341-4ADB-8237-00E5C8D079E3}.Release|Any CPU.ActiveCfg = Release|Any CPU
		{44CE02F3-B341-4ADB-8237-00E5C8D079E3}.Release|Any CPU.Build.0 = Release|Any CPU
		{490BAE6B-44B1-4814-9AC4-6A41ADE6A0A8}.Debug|Any CPU.ActiveCfg = Debug|Any CPU
		{490BAE6B-44B1-4814-9AC4-6A41ADE6A0A8}.Debug|Any CPU.Build.0 = Debug|Any CPU
		{490BAE6B-44B1-4814-9AC4-6A41ADE6A0A8}.Release|Any CPU.ActiveCfg = Release|Any CPU
		{490BAE6B-44B1-4814-9AC4-6A41ADE6A0A8}.Release|Any CPU.Build.0 = Release|Any CPU
		{E522E50A-CB81-47EA-ABE0-DD63DCC203AD}.Debug|Any CPU.ActiveCfg = Debug|Any CPU
		{E522E50A-CB81-47EA-ABE0-DD63DCC203AD}.Debug|Any CPU.Build.0 = Debug|Any CPU
		{E522E50A-CB81-47EA-ABE0-DD63DCC203AD}.Release|Any CPU.ActiveCfg = Release|Any CPU
		{E522E50A-CB81-47EA-ABE0-DD63DCC203AD}.Release|Any CPU.Build.0 = Release|Any CPU
	EndGlobalSection
	GlobalSection(SolutionProperties) = preSolution
		HideSolutionNode = FALSE
	EndGlobalSection
	GlobalSection(NestedProjects) = preSolution
		{FF90C0C5-78F4-4B6E-A1F0-9385283606E5} = {74C17647-CF35-41AA-8292-173D0B6F1F0B}
		{E5543052-74A8-417C-81F0-B65CA2CD7121} = {74C17647-CF35-41AA-8292-173D0B6F1F0B}
		{281237F3-C03E-4DA9-A945-CDB7255AE51C} = {74C17647-CF35-41AA-8292-173D0B6F1F0B}
		{6C5A443B-4A29-4B4E-B913-944F61F9D2D5} = {D10AB90C-516A-4B50-BCF1-1DDC1D930FCA}
		{9B3FF49A-BB0B-4F5B-B709-D2F2F6965134} = {D10AB90C-516A-4B50-BCF1-1DDC1D930FCA}
		{F0349B59-60A0-4587-A406-3B0241DD2605} = {D10AB90C-516A-4B50-BCF1-1DDC1D930FCA}
		{E3736A40-D49F-43EF-8C3B-159C2B9F2FD0} = {D10AB90C-516A-4B50-BCF1-1DDC1D930FCA}
		{138C26C6-6737-4D4D-99BC-4AA198CA5D6C} = {D10AB90C-516A-4B50-BCF1-1DDC1D930FCA}
		{2E6511E5-C426-4531-9A6F-4D80CAA86663} = {CEE12FFD-9D06-49C8-8867-073ED6513432}
		{CEE12FFD-9D06-49C8-8867-073ED6513432} = {74C17647-CF35-41AA-8292-173D0B6F1F0B}
		{44CE02F3-B341-4ADB-8237-00E5C8D079E3} = {CEE12FFD-9D06-49C8-8867-073ED6513432}
		{34B8441B-8195-485B-88C4-FBB55A8CEF95} = {CEE12FFD-9D06-49C8-8867-073ED6513432}
		{490BAE6B-44B1-4814-9AC4-6A41ADE6A0A8} = {CEE12FFD-9D06-49C8-8867-073ED6513432}
		{E522E50A-CB81-47EA-ABE0-DD63DCC203AD} = {CEE12FFD-9D06-49C8-8867-073ED6513432}
	EndGlobalSection
	GlobalSection(ExtensibilityGlobals) = postSolution
		SolutionGuid = {C0266D55-C1EF-47BB-917E-E6633BA94282}
	EndGlobalSection
	GlobalSection(SharedMSBuildProjectFiles) = preSolution
		Shaired\Shaired.projitems*{34b8441b-8195-485b-88c4-fbb55a8cef95}*SharedItemsImports = 13
		Snipits\Snipits.projitems*{aad7da09-13d8-44b5-9a3c-2fdbb6f1cae1}*SharedItemsImports = 13
	EndGlobalSection
EndGlobal
